
Microsoft Visual Studio Solution File, Format Version 12.00
# Visual Studio Version 16
VisualStudioVersion = 16.0.31729.503
MinimumVisualStudioVersion = 10.0.40219.1
Project("{FAE04EC0-301F-11D3-BF4B-00C04F79EFBC}") = "EDIParser", "EDIParser.csproj", "{4F2BA444-3698-49B8-A9DF-D93DB14C2078}"
EndProject
Global
	GlobalSection(SolutionConfigurationPlatforms) = preSolution
		Debug|Any CPU = Debug|Any CPU
		Release|Any CPU = Release|Any CPU
	EndGlobalSection
	GlobalSection(ProjectConfigurationPlatforms) = postSolution
		{4F2BA444-3698-49B8-A9DF-D93DB14C2078}.Debug|Any CPU.ActiveCfg = Debug|Any CPU
		{4F2BA444-3698-49B8-A9DF-D93DB14C2078}.Debug|Any CPU.Build.0 = Debug|Any CPU
		{4F2BA444-3698-49B8-A9DF-D93DB14C2078}.Release|Any CPU.ActiveCfg = Release|Any CPU
		{4F2BA444-3698-49B8-A9DF-D93DB14C2078}.Release|Any CPU.Build.0 = Release|Any CPU
	EndGlobalSection
	GlobalSection(SolutionProperties) = preSolution
		HideSolutionNode = FALSE
	EndGlobalSection
	GlobalSection(ExtensibilityGlobals) = postSolution
		SolutionGuid = {C74AAA52-59E6-4597-96CC-1C508BFD8714}
	EndGlobalSection
EndGlobal
